// !$*UTF8*$!
{
	archiveVersion = 1;
	classes = {
	};
	objectVersion = 46;
	objects = {

/* Begin PBXBuildFile section */
		3669838B5F207DDFB0249B99 /* DoubleLinkedList.m in Sources */ = {isa = PBXBuildFile; fileRef = 36698EC2A8A8C01F24FEB870 /* DoubleLinkedList.m */; };
		366986D3005B6408B7C5641C /* SingleLinkList.m in Sources */ = {isa = PBXBuildFile; fileRef = 366987EA52BBF3225A957578 /* SingleLinkList.m */; };
		366987F6F4BD3977D8CB1796 /* main.m in Sources */ = {isa = PBXBuildFile; fileRef = 36698725F9EA08BC20DDF4C9 /* main.m */; };
		36698F8CC42C32C31A30FEE8 /* LinkeListNode.m in Sources */ = {isa = PBXBuildFile; fileRef = 366981688ACB63C1D898BBAA /* LinkeListNode.m */; };
/* End PBXBuildFile section */

/* Begin PBXCopyFilesBuildPhase section */
		36698022F102F8CF4FC08E84 /* CopyFiles */ = {
			isa = PBXCopyFilesBuildPhase;
			buildActionMask = 2147483647;
			dstPath = /usr/share/man/man1/;
			dstSubfolderSpec = 0;
			files = (
			);
			runOnlyForDeploymentPostprocessing = 1;
		};
/* End PBXCopyFilesBuildPhase section */

/* Begin PBXFileReference section */
		366981688ACB63C1D898BBAA /* LinkeListNode.m */ = {isa = PBXFileReference; fileEncoding = 4; lastKnownFileType = sourcecode.c.objc; path = LinkeListNode.m; sourceTree = "<group>"; };
		366983EEE7E4B45591657587 /* LinkeListNode.h */ = {isa = PBXFileReference; fileEncoding = 4; lastKnownFileType = sourcecode.c.h; path = LinkeListNode.h; sourceTree = "<group>"; };
		366985C0802C04E3F4886AAE /* DoubleLinkedList.h */ = {isa = PBXFileReference; fileEncoding = 4; lastKnownFileType = sourcecode.c.h; path = DoubleLinkedList.h; sourceTree = "<group>"; };
		366986E37725FBF4FD7B8F7F /* SingleLinkedList */ = {isa = PBXFileReference; explicitFileType = "compiled.mach-o.executable"; includeInIndex = 0; path = SingleLinkedList; sourceTree = BUILT_PRODUCTS_DIR; };
		36698725F9EA08BC20DDF4C9 /* main.m */ = {isa = PBXFileReference; lastKnownFileType = sourcecode.c.objc; path = main.m; sourceTree = "<group>"; };
		366987EA52BBF3225A957578 /* SingleLinkList.m */ = {isa = PBXFileReference; fileEncoding = 4; lastKnownFileType = sourcecode.c.objc; path = SingleLinkList.m; sourceTree = "<group>"; };
		36698E6CCC63B0637E32E973 /* SingleLinkList.h */ = {isa = PBXFileReference; fileEncoding = 4; lastKnownFileType = sourcecode.c.h; path = SingleLinkList.h; sourceTree = "<group>"; };
		36698EC2A8A8C01F24FEB870 /* DoubleLinkedList.m */ = {isa = PBXFileReference; fileEncoding = 4; lastKnownFileType = sourcecode.c.objc; path = DoubleLinkedList.m; sourceTree = "<group>"; };
/* End PBXFileReference section */

/* Begin PBXFrameworksBuildPhase section */
		366986E482117FBECD15189B /* Frameworks */ = {
			isa = PBXFrameworksBuildPhase;
			buildActionMask = 2147483647;
			files = (
			);
			runOnlyForDeploymentPostprocessing = 0;
		};
/* End PBXFrameworksBuildPhase section */

/* Begin PBXGroup section */
		3669834233F6153BB91DEE8D /* Products */ = {
			isa = PBXGroup;
			children = (
				366986E37725FBF4FD7B8F7F /* SingleLinkedList */,
			);
			name = Products;
			sourceTree = "<group>";
		};
		366987B95958F966C2B7C411 = {
			isa = PBXGroup;
			children = (
				3669834233F6153BB91DEE8D /* Products */,
				3669898C7F70FED0E4C83F98 /* SingleLinkedList */,
			);
			sourceTree = "<group>";
		};
		3669898C7F70FED0E4C83F98 /* SingleLinkedList */ = {
			isa = PBXGroup;
			children = (
				36698725F9EA08BC20DDF4C9 /* main.m */,
				366981688ACB63C1D898BBAA /* LinkeListNode.m */,
				366983EEE7E4B45591657587 /* LinkeListNode.h */,
				366987EA52BBF3225A957578 /* SingleLinkList.m */,
				36698E6CCC63B0637E32E973 /* SingleLinkList.h */,
				36698EC2A8A8C01F24FEB870 /* DoubleLinkedList.m */,
				366985C0802C04E3F4886AAE /* DoubleLinkedList.h */,
			);
			path = SingleLinkedList;
			sourceTree = "<group>";
		};
/* End PBXGroup section */

/* Begin PBXNativeTarget section */
		366983F820082F03C6BB276E /* SingleLinkedList */ = {
			isa = PBXNativeTarget;
			buildConfigurationList = 36698F6148083155C63003C1 /* Build configuration list for PBXNativeTarget "SingleLinkedList" */;
			buildPhases = (
				366989B474D817DBF21CD97E /* Sources */,
				366986E482117FBECD15189B /* Frameworks */,
				36698022F102F8CF4FC08E84 /* CopyFiles */,
			);
			buildRules = (
			);
			dependencies = (
			);
			name = SingleLinkedList;
			productName = SingleLinkedList;
			productReference = 366986E37725FBF4FD7B8F7F /* SingleLinkedList */;
			productType = "com.apple.product-type.tool";
		};
/* End PBXNativeTarget section */

/* Begin PBXProject section */
		36698D25D79853587B9CBFE4 /* Project object */ = {
			isa = PBXProject;
			buildConfigurationList = 36698B45EEB4F1A6A3BECBC0 /* Build configuration list for PBXProject "SingleLinkedList" */;
			compatibilityVersion = "Xcode 3.2";
			developmentRegion = English;
			hasScannedForEncodings = 0;
			knownRegions = (
				en,
			);
			mainGroup = 366987B95958F966C2B7C411;
			productRefGroup = 3669834233F6153BB91DEE8D /* Products */;
			projectDirPath = "";
			projectRoot = "";
			targets = (
				366983F820082F03C6BB276E /* SingleLinkedList */,
			);
		};
/* End PBXProject section */

/* Begin PBXSourcesBuildPhase section */
		366989B474D817DBF21CD97E /* Sources */ = {
			isa = PBXSourcesBuildPhase;
			buildActionMask = 2147483647;
			files = (
				366987F6F4BD3977D8CB1796 /* main.m in Sources */,
				36698F8CC42C32C31A30FEE8 /* LinkeListNode.m in Sources */,
				366986D3005B6408B7C5641C /* SingleLinkList.m in Sources */,
				3669838B5F207DDFB0249B99 /* DoubleLinkedList.m in Sources */,
			);
			runOnlyForDeploymentPostprocessing = 0;
		};
/* End PBXSourcesBuildPhase section */

/* Begin XCBuildConfiguration section */
		366983CEC7EBB75F658A391D /* Debug */ = {
			isa = XCBuildConfiguration;
			buildSettings = {
				ALWAYS_SEARCH_USER_PATHS = NO;
				CLANG_ANALYZER_NONNULL = YES;
				CLANG_ANALYZER_NUMBER_OBJECT_CONVERSION = YES_AGGRESSIVE;
				CLANG_CXX_LANGUAGE_STANDARD = "gnu++14";
				CLANG_CXX_LIBRARY = "libc++";
				CLANG_ENABLE_MODULES = YES;
				CLANG_ENABLE_OBJC_ARC = YES;
				CLANG_ENABLE_OBJC_WEAK = YES;
				CLANG_WARN_BLOCK_CAPTURE_AUTORELEASING = YES;
				CLANG_WARN_BOOL_CONVERSION = YES;
				CLANG_WARN_COMMA = YES;
				CLANG_WARN_CONSTANT_CONVERSION = YES;
				CLANG_WARN_DEPRECATED_OBJC_IMPLEMENTATIONS = YES;
				CLANG_WARN_DIRECT_OBJC_ISA_USAGE = YES_ERROR;
				CLANG_WARN_DOCUMENTATION_COMMENTS = YES;
				CLANG_WARN_EMPTY_BODY = YES;
				CLANG_WARN_ENUM_CONVERSION = YES;
				CLANG_WARN_INFINITE_RECURSION = YES;
				CLANG_WARN_INT_CONVERSION = YES;
				CLANG_WARN_NON_LITERAL_NULL_CONVERSION = YES;
				CLANG_WARN_OBJC_IMPLICIT_RETAIN_SELF = YES;
				CLANG_WARN_OBJC_LITERAL_CONVERSION = YES;
				CLANG_WARN_OBJC_ROOT_CLASS = YES_ERROR;
				CLANG_WARN_QUOTED_INCLUDE_IN_FRAMEWORK_HEADER = YES;
				CLANG_WARN_RANGE_LOOP_ANALYSIS = YES;
				CLANG_WARN_STRICT_PROTOTYPES = YES;
				CLANG_WARN_SUSPICIOUS_MOVE = YES;
				CLANG_WARN_UNGUARDED_AVAILABILITY = YES_AGGRESSIVE;
				CLANG_WARN_UNREACHABLE_CODE = YES;
				CLANG_WARN__DUPLICATE_METHOD_MATCH = YES;
				COPY_PHASE_STRIP = NO;
				DEBUG_INFORMATION_FORMAT = dwarf;
				ENABLE_STRICT_OBJC_MSGSEND = YES;
				ENABLE_TESTABILITY = YES;
				GCC_C_LANGUAGE_STANDARD = gnu11;
				GCC_DYNAMIC_NO_PIC = NO;
				GCC_NO_COMMON_BLOCKS = YES;
				GCC_OPTIMIZATION_LEVEL = 0;
				GCC_PREPROCESSOR_DEFINITIONS = (
					"DEBUG=1",
					"$(inherited)",
				);
				GCC_WARN_64_TO_32_BIT_CONVERSION = YES;
				GCC_WARN_ABOUT_RETURN_TYPE = YES_ERROR;
				GCC_WARN_UNDECLARED_SELECTOR = YES;
				GCC_WARN_UNINITIALIZED_AUTOS = YES_AGGRESSIVE;
				GCC_WARN_UNUSED_FUNCTION = YES;
				GCC_WARN_UNUSED_VARIABLE = YES;
				MACOSX_DEPLOYMENT_TARGET = 10.16;
				MTL_ENABLE_DEBUG_INFO = INCLUDE_SOURCE;
				MTL_FAST_MATH = YES;
				ONLY_ACTIVE_ARCH = YES;
				SDKROOT = macosx;
			};
			name = Debug;
		};
		366984284F61BE8BE549BBE9 /* Debug */ = {
			isa = XCBuildConfiguration;
			buildSettings = {
				PRODUCT_NAME = "$(TARGET_NAME)";
			};
			name = Debug;
		};
		366986B92BBDB93040195BF2 /* Release */ = {
			isa = XCBuildConfiguration;
			buildSettings = {
				ALWAYS_SEARCH_USER_PATHS = NO;
				CLANG_ANALYZER_NONNULL = YES;
				CLANG_ANALYZER_NUMBER_OBJECT_CONVERSION = YES_AGGRESSIVE;
				CLANG_CXX_LANGUAGE_STANDARD = "gnu++14";
				CLANG_CXX_LIBRARY = "libc++";
				CLANG_ENABLE_MODULES = YES;
				CLANG_ENABLE_OBJC_ARC = YES;
				CLANG_ENABLE_OBJC_WEAK = YES;
				CLANG_WARN_BLOCK_CAPTURE_AUTORELEASING = YES;
				CLANG_WARN_BOOL_CONVERSION = YES;
				CLANG_WARN_COMMA = YES;
				CLANG_WARN_CONSTANT_CONVERSION = YES;
				CLANG_WARN_DEPRECATED_OBJC_IMPLEMENTATIONS = YES;
				CLANG_WARN_DIRECT_OBJC_ISA_USAGE = YES_ERROR;
				CLANG_WARN_DOCUMENTATION_COMMENTS = YES;
				CLANG_WARN_EMPTY_BODY = YES;
				CLANG_WARN_ENUM_CONVERSION = YES;
				CLANG_WARN_INFINITE_RECURSION = YES;
				CLANG_WARN_INT_CONVERSION = YES;
				CLANG_WARN_NON_LITERAL_NULL_CONVERSION = YES;
				CLANG_WARN_OBJC_IMPLICIT_RETAIN_SELF = YES;
				CLANG_WARN_OBJC_LITERAL_CONVERSION = YES;
				CLANG_WARN_OBJC_ROOT_CLASS = YES_ERROR;
				CLANG_WARN_QUOTED_INCLUDE_IN_FRAMEWORK_HEADER = YES;
				CLANG_WARN_RANGE_LOOP_ANALYSIS = YES;
				CLANG_WARN_STRICT_PROTOTYPES = YES;
				CLANG_WARN_SUSPICIOUS_MOVE = YES;
				CLANG_WARN_UNGUARDED_AVAILABILITY = YES_AGGRESSIVE;
				CLANG_WARN_UNREACHABLE_CODE = YES;
				CLANG_WARN__DUPLICATE_METHOD_MATCH = YES;
				COPY_PHASE_STRIP = NO;
				DEBUG_INFORMATION_FORMAT = "dwarf-with-dsym";
				ENABLE_NS_ASSERTIONS = NO;
				ENABLE_STRICT_OBJC_MSGSEND = YES;
				GCC_C_LANGUAGE_STANDARD = gnu11;
				GCC_NO_COMMON_BLOCKS = YES;
				GCC_WARN_64_TO_32_BIT_CONVERSION = YES;
				GCC_WARN_ABOUT_RETURN_TYPE = YES_ERROR;
				GCC_WARN_UNDECLARED_SELECTOR = YES;
				GCC_WARN_UNINITIALIZED_AUTOS = YES_AGGRESSIVE;
				GCC_WARN_UNUSED_FUNCTION = YES;
				GCC_WARN_UNUSED_VARIABLE = YES;
				MACOSX_DEPLOYMENT_TARGET = 10.16;
				MTL_ENABLE_DEBUG_INFO = NO;
				MTL_FAST_MATH = YES;
				SDKROOT = macosx;
			};
			name = Release;
		};
		36698D2D4AEA2062C7DD09F6 /* Release */ = {
			isa = XCBuildConfiguration;
			buildSettings = {
				PRODUCT_NAME = "$(TARGET_NAME)";
			};
			name = Release;
		};
/* End XCBuildConfiguration section */

/* Begin XCConfigurationList section */
		36698B45EEB4F1A6A3BECBC0 /* Build configuration list for PBXProject "SingleLinkedList" */ = {
			isa = XCConfigurationList;
			buildConfigurations = (
				366983CEC7EBB75F658A391D /* Debug */,
				366986B92BBDB93040195BF2 /* Release */,
			);
			defaultConfigurationIsVisible = 0;
			defaultConfigurationName = Release;
		};
		36698F6148083155C63003C1 /* Build configuration list for PBXNativeTarget "SingleLinkedList" */ = {
			isa = XCConfigurationList;
			buildConfigurations = (
				366984284F61BE8BE549BBE9 /* Debug */,
				36698D2D4AEA2062C7DD09F6 /* Release */,
			);
			defaultConfigurationIsVisible = 0;
		};
/* End XCConfigurationList section */
	};
	rootObject = 36698D25D79853587B9CBFE4 /* Project object */;
}
